
Microsoft Visual Studio Solution File, Format Version 12.00
# Visual Studio Version 17
VisualStudioVersion = 17.13.35605.110
MinimumVisualStudioVersion = 10.0.40219.1
Project("{FAE04EC0-301F-11D3-BF4B-00C04F79EFBC}") = "MarbleFoods.Presentation", "MarbleFoods.Application\MarbleFoods.Presentation.csproj", "{17DB9D60-7D06-4C0A-8226-DF1F1F57A4AD}"
EndProject
Project("{FAE04EC0-301F-11D3-BF4B-00C04F79EFBC}") = "MarbleFoods.Application", "MarbleFoods.Presentation\MarbleFoods.Application.csproj", "{B22D5E0F-2796-43E6-BD5A-18CE86037707}"
EndProject
Project("{FAE04EC0-301F-11D3-BF4B-00C04F79EFBC}") = "MarbleFoods.Domain", "MarbleFoods.Domain\MarbleFoods.Domain.csproj", "{08362082-6EBE-490B-9B18-58455F28C0AF}"
EndProject
Project("{FAE04EC0-301F-11D3-BF4B-00C04F79EFBC}") = "MarbleFoods.Infrastructure", "MarbleFoods.Infrastructure\MarbleFoods.Infrastructure.csproj", "{9FC6AF9B-9723-4760-9491-062D01CA49A8}"
EndProject
Project("{FAE04EC0-301F-11D3-BF4B-00C04F79EFBC}") = "MarbleFoods.Data", "MarbleFoods.Data\MarbleFoods.Data.csproj", "{6EE2436F-3683-4ABA-9B33-0DFEED8E7C8A}"
EndProject
Global
	GlobalSection(SolutionConfigurationPlatforms) = preSolution
		Debug|Any CPU = Debug|Any CPU
		Release|Any CPU = Release|Any CPU
	EndGlobalSection
	GlobalSection(ProjectConfigurationPlatforms) = postSolution
		{17DB9D60-7D06-4C0A-8226-DF1F1F57A4AD}.Debug|Any CPU.ActiveCfg = Debug|Any CPU
		{17DB9D60-7D06-4C0A-8226-DF1F1F57A4AD}.Debug|Any CPU.Build.0 = Debug|Any CPU
		{17DB9D60-7D06-4C0A-8226-DF1F1F57A4AD}.Release|Any CPU.ActiveCfg = Release|Any CPU
		{17DB9D60-7D06-4C0A-8226-DF1F1F57A4AD}.Release|Any CPU.Build.0 = Release|Any CPU
		{B22D5E0F-2796-43E6-BD5A-18CE86037707}.Debug|Any CPU.ActiveCfg = Debug|Any CPU
		{B22D5E0F-2796-43E6-BD5A-18CE86037707}.Debug|Any CPU.Build.0 = Debug|Any CPU
		{B22D5E0F-2796-43E6-BD5A-18CE86037707}.Release|Any CPU.ActiveCfg = Release|Any CPU
		{B22D5E0F-2796-43E6-BD5A-18CE86037707}.Release|Any CPU.Build.0 = Release|Any CPU
		{08362082-6EBE-490B-9B18-58455F28C0AF}.Debug|Any CPU.ActiveCfg = Debug|Any CPU
		{08362082-6EBE-490B-9B18-58455F28C0AF}.Debug|Any CPU.Build.0 = Debug|Any CPU
		{08362082-6EBE-490B-9B18-58455F28C0AF}.Release|Any CPU.ActiveCfg = Release|Any CPU
		{08362082-6EBE-490B-9B18-58455F28C0AF}.Release|Any CPU.Build.0 = Release|Any CPU
		{9FC6AF9B-9723-4760-9491-062D01CA49A8}.Debug|Any CPU.ActiveCfg = Debug|Any CPU
		{9FC6AF9B-9723-4760-9491-062D01CA49A8}.Debug|Any CPU.Build.0 = Debug|Any CPU
		{9FC6AF9B-9723-4760-9491-062D01CA49A8}.Release|Any CPU.ActiveCfg = Release|Any CPU
		{9FC6AF9B-9723-4760-9491-062D01CA49A8}.Release|Any CPU.Build.0 = Release|Any CPU
		{6EE2436F-3683-4ABA-9B33-0DFEED8E7C8A}.Debug|Any CPU.ActiveCfg = Debug|Any CPU
		{6EE2436F-3683-4ABA-9B33-0DFEED8E7C8A}.Debug|Any CPU.Build.0 = Debug|Any CPU
		{6EE2436F-3683-4ABA-9B33-0DFEED8E7C8A}.Release|Any CPU.ActiveCfg = Release|Any CPU
		{6EE2436F-3683-4ABA-9B33-0DFEED8E7C8A}.Release|Any CPU.Build.0 = Release|Any CPU
	EndGlobalSection
	GlobalSection(SolutionProperties) = preSolution
		HideSolutionNode = FALSE
	EndGlobalSection
	GlobalSection(ExtensibilityGlobals) = postSolution
		SolutionGuid = {576A8221-EA62-49A7-9245-78D981DE3A82}
	EndGlobalSection
EndGlobal
